
Microsoft Visual Studio Solution File, Format Version 12.00
# Visual Studio Version 16
VisualStudioVersion = 16.0.31105.61
MinimumVisualStudioVersion = 10.0.40219.1
Project("{9A19103F-16F7-4668-BE54-9A1E7A4F7556}") = "vlecis", "vlecis.csproj", "{58D579A3-DC5B-44A1-B155-F44BDA98F832}"
EndProject
Global
	GlobalSection(SolutionConfigurationPlatforms) = preSolution
		Debug|Any CPU = Debug|Any CPU
		Release|Any CPU = Release|Any CPU
	EndGlobalSection
	GlobalSection(ProjectConfigurationPlatforms) = postSolution
		{58D579A3-DC5B-44A1-B155-F44BDA98F832}.Debug|Any CPU.ActiveCfg = Debug|Any CPU
		{58D579A3-DC5B-44A1-B155-F44BDA98F832}.Debug|Any CPU.Build.0 = Debug|Any CPU
		{58D579A3-DC5B-44A1-B155-F44BDA98F832}.Release|Any CPU.ActiveCfg = Release|Any CPU
		{58D579A3-DC5B-44A1-B155-F44BDA98F832}.Release|Any CPU.Build.0 = Release|Any CPU
	EndGlobalSection
	GlobalSection(SolutionProperties) = preSolution
		HideSolutionNode = FALSE
	EndGlobalSection
	GlobalSection(ExtensibilityGlobals) = postSolution
		SolutionGuid = {536309CD-D39C-47F2-BB4B-BA320D3F1784}
	EndGlobalSection
EndGlobal
